
Microsoft Visual Studio Solution File, Format Version 12.00
# Visual Studio Version 16
VisualStudioVersion = 16.0.31019.35
MinimumVisualStudioVersion = 10.0.40219.1
Project("{9A19103F-16F7-4668-BE54-9A1E7A4F7556}") = "PdfConvert", "PdfConvert\PdfConvert.csproj", "{277C5835-CB40-4601-A6F0-2CBCE3C65D33}"
EndProject
Project("{9A19103F-16F7-4668-BE54-9A1E7A4F7556}") = "PdfConvertBenchmark", "PdfConvertBenchmark\PdfConvertBenchmark.csproj", "{3D7E6817-912B-4DEB-9347-338CBE3D526B}"
EndProject
Global
	GlobalSection(SolutionConfigurationPlatforms) = preSolution
		Debug|Any CPU = Debug|Any CPU
		Release|Any CPU = Release|Any CPU
	EndGlobalSection
	GlobalSection(ProjectConfigurationPlatforms) = postSolution
		{277C5835-CB40-4601-A6F0-2CBCE3C65D33}.Debug|Any CPU.ActiveCfg = Debug|Any CPU
		{277C5835-CB40-4601-A6F0-2CBCE3C65D33}.Debug|Any CPU.Build.0 = Debug|Any CPU
		{277C5835-CB40-4601-A6F0-2CBCE3C65D33}.Release|Any CPU.ActiveCfg = Release|Any CPU
		{277C5835-CB40-4601-A6F0-2CBCE3C65D33}.Release|Any CPU.Build.0 = Release|Any CPU
		{3D7E6817-912B-4DEB-9347-338CBE3D526B}.Debug|Any CPU.ActiveCfg = Debug|Any CPU
		{3D7E6817-912B-4DEB-9347-338CBE3D526B}.Debug|Any CPU.Build.0 = Debug|Any CPU
		{3D7E6817-912B-4DEB-9347-338CBE3D526B}.Release|Any CPU.ActiveCfg = Release|Any CPU
		{3D7E6817-912B-4DEB-9347-338CBE3D526B}.Release|Any CPU.Build.0 = Release|Any CPU
	EndGlobalSection
	GlobalSection(SolutionProperties) = preSolution
		HideSolutionNode = FALSE
	EndGlobalSection
	GlobalSection(ExtensibilityGlobals) = postSolution
		SolutionGuid = {78A5FCFD-780D-41D6-806B-FCB9D7C95985}
	EndGlobalSection
EndGlobal
